
Microsoft Visual Studio Solution File, Format Version 12.00
# Visual Studio 15
VisualStudioVersion = 15.0.28307.438
MinimumVisualStudioVersion = 10.0.40219.1
Project("{FAE04EC0-301F-11D3-BF4B-00C04F79EFBC}") = "TableStorageApi", "TableStorageApi\TableStorageApi.csproj", "{593C5979-A0AA-4BFA-9FC5-DD45A1B7031E}"
EndProject
Global
	GlobalSection(SolutionConfigurationPlatforms) = preSolution
		Debug|Any CPU = Debug|Any CPU
		Release|Any CPU = Release|Any CPU
	EndGlobalSection
	GlobalSection(ProjectConfigurationPlatforms) = postSolution
		{593C5979-A0AA-4BFA-9FC5-DD45A1B7031E}.Debug|Any CPU.ActiveCfg = Debug|Any CPU
		{593C5979-A0AA-4BFA-9FC5-DD45A1B7031E}.Debug|Any CPU.Build.0 = Debug|Any CPU
		{593C5979-A0AA-4BFA-9FC5-DD45A1B7031E}.Release|Any CPU.ActiveCfg = Release|Any CPU
		{593C5979-A0AA-4BFA-9FC5-DD45A1B7031E}.Release|Any CPU.Build.0 = Release|Any CPU
	EndGlobalSection
	GlobalSection(SolutionProperties) = preSolution
		HideSolutionNode = FALSE
	EndGlobalSection
	GlobalSection(ExtensibilityGlobals) = postSolution
		SolutionGuid = {B626F6F5-CEF8-4FF8-92CC-EDFD63CC1361}
	EndGlobalSection
EndGlobal
